// !$*UTF8*$!
{
	archiveVersion = 1;
	classes = {
	};
	objectVersion = 55;
	objects = {

/* Begin PBXBuildFile section */
		2F84385027F31898008BE2B0 /* AppDelegate.swift in Sources */ = {isa = PBXBuildFile; fileRef = 2F84384F27F31898008BE2B0 /* AppDelegate.swift */; };
		2F84385727F31898008BE2B0 /* Main.storyboard in Resources */ = {isa = PBXBuildFile; fileRef = 2F84385527F31898008BE2B0 /* Main.storyboard */; };
		2F84385927F3189B008BE2B0 /* Assets.xcassets in Resources */ = {isa = PBXBuildFile; fileRef = 2F84385827F3189B008BE2B0 /* Assets.xcassets */; };
		2F84385C27F3189B008BE2B0 /* LaunchScreen.storyboard in Resources */ = {isa = PBXBuildFile; fileRef = 2F84385A27F3189B008BE2B0 /* LaunchScreen.storyboard */; };
		2F84388027F3191B008BE2B0 /* TranslateTests.swift in Sources */ = {isa = PBXBuildFile; fileRef = 2F84387F27F3191B008BE2B0 /* TranslateTests.swift */; };
		2F84388227F31962008BE2B0 /* WeatherTests.swift in Sources */ = {isa = PBXBuildFile; fileRef = 2F84388127F31962008BE2B0 /* WeatherTests.swift */; };
		2F84388427F31990008BE2B0 /* CurrencyConverterTests.swift in Sources */ = {isa = PBXBuildFile; fileRef = 2F84388327F31990008BE2B0 /* CurrencyConverterTests.swift */; };
		2F84388B27F31A33008BE2B0 /* ApiKeys.swift in Sources */ = {isa = PBXBuildFile; fileRef = 2F84388A27F31A33008BE2B0 /* ApiKeys.swift */; };
		2F84388D27F31A4F008BE2B0 /* CommonProtocols.swift in Sources */ = {isa = PBXBuildFile; fileRef = 2F84388C27F31A4F008BE2B0 /* CommonProtocols.swift */; };
		2F84388F27F31A81008BE2B0 /* UIViewControllerAndAlert.swift in Sources */ = {isa = PBXBuildFile; fileRef = 2F84388E27F31A81008BE2B0 /* UIViewControllerAndAlert.swift */; };
		2F84389427F31B36008BE2B0 /* WeatherViewController.swift in Sources */ = {isa = PBXBuildFile; fileRef = 2F84389327F31B36008BE2B0 /* WeatherViewController.swift */; };
		2F84389627F31B4D008BE2B0 /* Weather.swift in Sources */ = {isa = PBXBuildFile; fileRef = 2F84389527F31B4D008BE2B0 /* Weather.swift */; };
		2F84389827F31B65008BE2B0 /* WeatherError.swift in Sources */ = {isa = PBXBuildFile; fileRef = 2F84389727F31B65008BE2B0 /* WeatherError.swift */; };
		2F84389A27F31B79008BE2B0 /* LatestWeatherResponse.swift in Sources */ = {isa = PBXBuildFile; fileRef = 2F84389927F31B79008BE2B0 /* LatestWeatherResponse.swift */; };
		2F84389F27F31BE0008BE2B0 /* Weather.storyboard in Resources */ = {isa = PBXBuildFile; fileRef = 2F84389E27F31BE0008BE2B0 /* Weather.storyboard */; };
		2F8438A127F31C26008BE2B0 /* TranslateViewController.swift in Sources */ = {isa = PBXBuildFile; fileRef = 2F8438A027F31C26008BE2B0 /* TranslateViewController.swift */; };
		2F8438A327F31C35008BE2B0 /* Translate.swift in Sources */ = {isa = PBXBuildFile; fileRef = 2F8438A227F31C35008BE2B0 /* Translate.swift */; };
		2F8438A527F31C4C008BE2B0 /* TranslateError.swift in Sources */ = {isa = PBXBuildFile; fileRef = 2F8438A427F31C4C008BE2B0 /* TranslateError.swift */; };
		2F8438A727F31C61008BE2B0 /* LatestTranslateResponse.swift in Sources */ = {isa = PBXBuildFile; fileRef = 2F8438A627F31C61008BE2B0 /* LatestTranslateResponse.swift */; };
		2F8438A927F31C6E008BE2B0 /* Translation.storyboard in Resources */ = {isa = PBXBuildFile; fileRef = 2F8438A827F31C6E008BE2B0 /* Translation.storyboard */; };
/* End PBXBuildFile section */

/* Begin PBXContainerItemProxy section */
		2F84386327F3189B008BE2B0 /* PBXContainerItemProxy */ = {
			isa = PBXContainerItemProxy;
			containerPortal = 2F84384427F31898008BE2B0 /* Project object */;
			proxyType = 1;
			remoteGlobalIDString = 2F84384B27F31898008BE2B0;
			remoteInfo = Baluchon;
		};
		2F84386D27F3189B008BE2B0 /* PBXContainerItemProxy */ = {
			isa = PBXContainerItemProxy;
			containerPortal = 2F84384427F31898008BE2B0 /* Project object */;
			proxyType = 1;
			remoteGlobalIDString = 2F84384B27F31898008BE2B0;
			remoteInfo = Baluchon;
		};
/* End PBXContainerItemProxy section */

/* Begin PBXFileReference section */
		2F84384C27F31898008BE2B0 /* Baluchon.app */ = {isa = PBXFileReference; explicitFileType = wrapper.application; includeInIndex = 0; path = Baluchon.app; sourceTree = BUILT_PRODUCTS_DIR; };
		2F84384F27F31898008BE2B0 /* AppDelegate.swift */ = {isa = PBXFileReference; lastKnownFileType = sourcecode.swift; path = AppDelegate.swift; sourceTree = "<group>"; };
		2F84385627F31898008BE2B0 /* Base */ = {isa = PBXFileReference; lastKnownFileType = file.storyboard; name = Base; path = Base.lproj/Main.storyboard; sourceTree = "<group>"; };
		2F84385827F3189B008BE2B0 /* Assets.xcassets */ = {isa = PBXFileReference; lastKnownFileType = folder.assetcatalog; path = Assets.xcassets; sourceTree = "<group>"; };
		2F84385B27F3189B008BE2B0 /* Base */ = {isa = PBXFileReference; lastKnownFileType = file.storyboard; name = Base; path = Base.lproj/LaunchScreen.storyboard; sourceTree = "<group>"; };
		2F84385D27F3189B008BE2B0 /* Info.plist */ = {isa = PBXFileReference; lastKnownFileType = text.plist.xml; path = Info.plist; sourceTree = "<group>"; };
		2F84386227F3189B008BE2B0 /* BaluchonTests.xctest */ = {isa = PBXFileReference; explicitFileType = wrapper.cfbundle; includeInIndex = 0; path = BaluchonTests.xctest; sourceTree = BUILT_PRODUCTS_DIR; };
		2F84386C27F3189B008BE2B0 /* BaluchonUITests.xctest */ = {isa = PBXFileReference; explicitFileType = wrapper.cfbundle; includeInIndex = 0; path = BaluchonUITests.xctest; sourceTree = BUILT_PRODUCTS_DIR; };
		2F84387F27F3191B008BE2B0 /* TranslateTests.swift */ = {isa = PBXFileReference; lastKnownFileType = sourcecode.swift; path = TranslateTests.swift; sourceTree = "<group>"; };
		2F84388127F31962008BE2B0 /* WeatherTests.swift */ = {isa = PBXFileReference; lastKnownFileType = sourcecode.swift; path = WeatherTests.swift; sourceTree = "<group>"; };
		2F84388327F31990008BE2B0 /* CurrencyConverterTests.swift */ = {isa = PBXFileReference; lastKnownFileType = sourcecode.swift; path = CurrencyConverterTests.swift; sourceTree = "<group>"; };
		2F84388A27F31A33008BE2B0 /* ApiKeys.swift */ = {isa = PBXFileReference; lastKnownFileType = sourcecode.swift; path = ApiKeys.swift; sourceTree = "<group>"; };
		2F84388C27F31A4F008BE2B0 /* CommonProtocols.swift */ = {isa = PBXFileReference; lastKnownFileType = sourcecode.swift; path = CommonProtocols.swift; sourceTree = "<group>"; };
		2F84388E27F31A81008BE2B0 /* UIViewControllerAndAlert.swift */ = {isa = PBXFileReference; lastKnownFileType = sourcecode.swift; path = UIViewControllerAndAlert.swift; sourceTree = "<group>"; };
		2F84389327F31B36008BE2B0 /* WeatherViewController.swift */ = {isa = PBXFileReference; lastKnownFileType = sourcecode.swift; path = WeatherViewController.swift; sourceTree = "<group>"; };
		2F84389527F31B4D008BE2B0 /* Weather.swift */ = {isa = PBXFileReference; lastKnownFileType = sourcecode.swift; path = Weather.swift; sourceTree = "<group>"; };
		2F84389727F31B65008BE2B0 /* WeatherError.swift */ = {isa = PBXFileReference; lastKnownFileType = sourcecode.swift; path = WeatherError.swift; sourceTree = "<group>"; };
		2F84389927F31B79008BE2B0 /* LatestWeatherResponse.swift */ = {isa = PBXFileReference; lastKnownFileType = sourcecode.swift; path = LatestWeatherResponse.swift; sourceTree = "<group>"; };
		2F84389E27F31BE0008BE2B0 /* Weather.storyboard */ = {isa = PBXFileReference; fileEncoding = 4; lastKnownFileType = file.storyboard; path = Weather.storyboard; sourceTree = "<group>"; };
		2F8438A027F31C26008BE2B0 /* TranslateViewController.swift */ = {isa = PBXFileReference; lastKnownFileType = sourcecode.swift; path = TranslateViewController.swift; sourceTree = "<group>"; };
		2F8438A227F31C35008BE2B0 /* Translate.swift */ = {isa = PBXFileReference; lastKnownFileType = sourcecode.swift; path = Translate.swift; sourceTree = "<group>"; };
		2F8438A427F31C4C008BE2B0 /* TranslateError.swift */ = {isa = PBXFileReference; lastKnownFileType = sourcecode.swift; path = TranslateError.swift; sourceTree = "<group>"; };
		2F8438A627F31C61008BE2B0 /* LatestTranslateResponse.swift */ = {isa = PBXFileReference; lastKnownFileType = sourcecode.swift; path = LatestTranslateResponse.swift; sourceTree = "<group>"; };
		2F8438A827F31C6E008BE2B0 /* Translation.storyboard */ = {isa = PBXFileReference; fileEncoding = 4; lastKnownFileType = file.storyboard; path = Translation.storyboard; sourceTree = "<group>"; };
/* End PBXFileReference section */

/* Begin PBXFrameworksBuildPhase section */
		2F84384927F31898008BE2B0 /* Frameworks */ = {
			isa = PBXFrameworksBuildPhase;
			buildActionMask = 2147483647;
			files = (
			);
			runOnlyForDeploymentPostprocessing = 0;
		};
		2F84385F27F3189B008BE2B0 /* Frameworks */ = {
			isa = PBXFrameworksBuildPhase;
			buildActionMask = 2147483647;
			files = (
			);
			runOnlyForDeploymentPostprocessing = 0;
		};
		2F84386927F3189B008BE2B0 /* Frameworks */ = {
			isa = PBXFrameworksBuildPhase;
			buildActionMask = 2147483647;
			files = (
			);
			runOnlyForDeploymentPostprocessing = 0;
		};
/* End PBXFrameworksBuildPhase section */

/* Begin PBXGroup section */
		2F84384327F31898008BE2B0 = {
			isa = PBXGroup;
			children = (
				2F84384E27F31898008BE2B0 /* Baluchon */,
				2F84386527F3189B008BE2B0 /* BaluchonTests */,
				2F84384D27F31898008BE2B0 /* Products */,
			);
			sourceTree = "<group>";
		};
		2F84384D27F31898008BE2B0 /* Products */ = {
			isa = PBXGroup;
			children = (
				2F84384C27F31898008BE2B0 /* Baluchon.app */,
				2F84386227F3189B008BE2B0 /* BaluchonTests.xctest */,
				2F84386C27F3189B008BE2B0 /* BaluchonUITests.xctest */,
			);
			name = Products;
			sourceTree = "<group>";
		};
		2F84384E27F31898008BE2B0 /* Baluchon */ = {
			isa = PBXGroup;
			children = (
				2F84388927F31A03008BE2B0 /* Source */,
				2F84388727F319EE008BE2B0 /* Translate */,
				2F84388627F319E7008BE2B0 /* Currency */,
				2F84388527F319E1008BE2B0 /* Weather */,
			);
			path = Baluchon;
			sourceTree = "<group>";
		};
		2F84386527F3189B008BE2B0 /* BaluchonTests */ = {
			isa = PBXGroup;
			children = (
				2F84387F27F3191B008BE2B0 /* TranslateTests.swift */,
				2F84388127F31962008BE2B0 /* WeatherTests.swift */,
				2F84388327F31990008BE2B0 /* CurrencyConverterTests.swift */,
			);
			path = BaluchonTests;
			sourceTree = "<group>";
		};
		2F84388527F319E1008BE2B0 /* Weather */ = {
			isa = PBXGroup;
			children = (
				2F84389D27F31BA2008BE2B0 /* View */,
				2F84389C27F31B9D008BE2B0 /* Controller */,
				2F84389B27F31B99008BE2B0 /* Model */,
			);
			path = Weather;
			sourceTree = "<group>";
		};
		2F84388627F319E7008BE2B0 /* Currency */ = {
			isa = PBXGroup;
			children = (
			);
			path = Currency;
			sourceTree = "<group>";
		};
		2F84388727F319EE008BE2B0 /* Translate */ = {
			isa = PBXGroup;
			children = (
				2F84389227F31B15008BE2B0 /* Controller */,
				2F84389127F31B11008BE2B0 /* View */,
				2F84389027F31B0D008BE2B0 /* Model */,
			);
			path = Translate;
			sourceTree = "<group>";
		};
		2F84388927F31A03008BE2B0 /* Source */ = {
			isa = PBXGroup;
			children = (
				2F84385D27F3189B008BE2B0 /* Info.plist */,
				2F84385527F31898008BE2B0 /* Main.storyboard */,
				2F84385A27F3189B008BE2B0 /* LaunchScreen.storyboard */,
				2F84388A27F31A33008BE2B0 /* ApiKeys.swift */,
				2F84388C27F31A4F008BE2B0 /* CommonProtocols.swift */,
				2F84384F27F31898008BE2B0 /* AppDelegate.swift */,
				2F84385827F3189B008BE2B0 /* Assets.xcassets */,
				2F84388E27F31A81008BE2B0 /* UIViewControllerAndAlert.swift */,
			);
			path = Source;
			sourceTree = "<group>";
		};
		2F84389027F31B0D008BE2B0 /* Model */ = {
			isa = PBXGroup;
			children = (
				2F8438A227F31C35008BE2B0 /* Translate.swift */,
				2F8438A427F31C4C008BE2B0 /* TranslateError.swift */,
				2F8438A627F31C61008BE2B0 /* LatestTranslateResponse.swift */,
			);
			path = Model;
			sourceTree = "<group>";
		};
		2F84389127F31B11008BE2B0 /* View */ = {
			isa = PBXGroup;
			children = (
				2F8438A827F31C6E008BE2B0 /* Translation.storyboard */,
			);
			path = View;
			sourceTree = "<group>";
		};
		2F84389227F31B15008BE2B0 /* Controller */ = {
			isa = PBXGroup;
			children = (
				2F8438A027F31C26008BE2B0 /* TranslateViewController.swift */,
			);
			path = Controller;
			sourceTree = "<group>";
		};
		2F84389B27F31B99008BE2B0 /* Model */ = {
			isa = PBXGroup;
			children = (
				2F84389527F31B4D008BE2B0 /* Weather.swift */,
				2F84389727F31B65008BE2B0 /* WeatherError.swift */,
				2F84389927F31B79008BE2B0 /* LatestWeatherResponse.swift */,
			);
			path = Model;
			sourceTree = "<group>";
		};
		2F84389C27F31B9D008BE2B0 /* Controller */ = {
			isa = PBXGroup;
			children = (
				2F84389327F31B36008BE2B0 /* WeatherViewController.swift */,
			);
			path = Controller;
			sourceTree = "<group>";
		};
		2F84389D27F31BA2008BE2B0 /* View */ = {
			isa = PBXGroup;
			children = (
				2F84389E27F31BE0008BE2B0 /* Weather.storyboard */,
			);
			path = View;
			sourceTree = "<group>";
		};
/* End PBXGroup section */

/* Begin PBXNativeTarget section */
		2F84384B27F31898008BE2B0 /* Baluchon */ = {
			isa = PBXNativeTarget;
			buildConfigurationList = 2F84387627F3189B008BE2B0 /* Build configuration list for PBXNativeTarget "Baluchon" */;
			buildPhases = (
				2F84384827F31898008BE2B0 /* Sources */,
				2F84384927F31898008BE2B0 /* Frameworks */,
				2F84384A27F31898008BE2B0 /* Resources */,
			);
			buildRules = (
			);
			dependencies = (
			);
			name = Baluchon;
			productName = Baluchon;
			productReference = 2F84384C27F31898008BE2B0 /* Baluchon.app */;
			productType = "com.apple.product-type.application";
		};
		2F84386127F3189B008BE2B0 /* BaluchonTests */ = {
			isa = PBXNativeTarget;
			buildConfigurationList = 2F84387927F3189B008BE2B0 /* Build configuration list for PBXNativeTarget "BaluchonTests" */;
			buildPhases = (
				2F84385E27F3189B008BE2B0 /* Sources */,
				2F84385F27F3189B008BE2B0 /* Frameworks */,
				2F84386027F3189B008BE2B0 /* Resources */,
			);
			buildRules = (
			);
			dependencies = (
				2F84386427F3189B008BE2B0 /* PBXTargetDependency */,
			);
			name = BaluchonTests;
			productName = BaluchonTests;
			productReference = 2F84386227F3189B008BE2B0 /* BaluchonTests.xctest */;
			productType = "com.apple.product-type.bundle.unit-test";
		};
		2F84386B27F3189B008BE2B0 /* BaluchonUITests */ = {
			isa = PBXNativeTarget;
			buildConfigurationList = 2F84387C27F3189B008BE2B0 /* Build configuration list for PBXNativeTarget "BaluchonUITests" */;
			buildPhases = (
				2F84386827F3189B008BE2B0 /* Sources */,
				2F84386927F3189B008BE2B0 /* Frameworks */,
				2F84386A27F3189B008BE2B0 /* Resources */,
			);
			buildRules = (
			);
			dependencies = (
				2F84386E27F3189B008BE2B0 /* PBXTargetDependency */,
			);
			name = BaluchonUITests;
			productName = BaluchonUITests;
			productReference = 2F84386C27F3189B008BE2B0 /* BaluchonUITests.xctest */;
			productType = "com.apple.product-type.bundle.ui-testing";
		};
/* End PBXNativeTarget section */

/* Begin PBXProject section */
		2F84384427F31898008BE2B0 /* Project object */ = {
			isa = PBXProject;
			attributes = {
				BuildIndependentTargetsInParallel = 1;
				LastSwiftUpdateCheck = 1330;
				LastUpgradeCheck = 1330;
				TargetAttributes = {
					2F84384B27F31898008BE2B0 = {
						CreatedOnToolsVersion = 13.3;
					};
					2F84386127F3189B008BE2B0 = {
						CreatedOnToolsVersion = 13.3;
						TestTargetID = 2F84384B27F31898008BE2B0;
					};
					2F84386B27F3189B008BE2B0 = {
						CreatedOnToolsVersion = 13.3;
						TestTargetID = 2F84384B27F31898008BE2B0;
					};
				};
			};
			buildConfigurationList = 2F84384727F31898008BE2B0 /* Build configuration list for PBXProject "Baluchon" */;
			compatibilityVersion = "Xcode 13.0";
			developmentRegion = en;
			hasScannedForEncodings = 0;
			knownRegions = (
				en,
				Base,
			);
			mainGroup = 2F84384327F31898008BE2B0;
			productRefGroup = 2F84384D27F31898008BE2B0 /* Products */;
			projectDirPath = "";
			projectRoot = "";
			targets = (
				2F84384B27F31898008BE2B0 /* Baluchon */,
				2F84386127F3189B008BE2B0 /* BaluchonTests */,
				2F84386B27F3189B008BE2B0 /* BaluchonUITests */,
			);
		};
/* End PBXProject section */

/* Begin PBXResourcesBuildPhase section */
		2F84384A27F31898008BE2B0 /* Resources */ = {
			isa = PBXResourcesBuildPhase;
			buildActionMask = 2147483647;
			files = (
				2F84385C27F3189B008BE2B0 /* LaunchScreen.storyboard in Resources */,
				2F84389F27F31BE0008BE2B0 /* Weather.storyboard in Resources */,
				2F8438A927F31C6E008BE2B0 /* Translation.storyboard in Resources */,
				2F84385927F3189B008BE2B0 /* Assets.xcassets in Resources */,
				2F84385727F31898008BE2B0 /* Main.storyboard in Resources */,
			);
			runOnlyForDeploymentPostprocessing = 0;
		};
		2F84386027F3189B008BE2B0 /* Resources */ = {
			isa = PBXResourcesBuildPhase;
			buildActionMask = 2147483647;
			files = (
			);
			runOnlyForDeploymentPostprocessing = 0;
		};
		2F84386A27F3189B008BE2B0 /* Resources */ = {
			isa = PBXResourcesBuildPhase;
			buildActionMask = 2147483647;
			files = (
			);
			runOnlyForDeploymentPostprocessing = 0;
		};
/* End PBXResourcesBuildPhase section */

/* Begin PBXSourcesBuildPhase section */
		2F84384827F31898008BE2B0 /* Sources */ = {
			isa = PBXSourcesBuildPhase;
			buildActionMask = 2147483647;
			files = (
				2F84389A27F31B79008BE2B0 /* LatestWeatherResponse.swift in Sources */,
				2F84389627F31B4D008BE2B0 /* Weather.swift in Sources */,
				2F8438A527F31C4C008BE2B0 /* TranslateError.swift in Sources */,
				2F84385027F31898008BE2B0 /* AppDelegate.swift in Sources */,
				2F84388B27F31A33008BE2B0 /* ApiKeys.swift in Sources */,
				2F8438A327F31C35008BE2B0 /* Translate.swift in Sources */,
				2F8438A727F31C61008BE2B0 /* LatestTranslateResponse.swift in Sources */,
				2F84389427F31B36008BE2B0 /* WeatherViewController.swift in Sources */,
				2F8438A127F31C26008BE2B0 /* TranslateViewController.swift in Sources */,
				2F84388D27F31A4F008BE2B0 /* CommonProtocols.swift in Sources */,
				2F84389827F31B65008BE2B0 /* WeatherError.swift in Sources */,
				2F84388F27F31A81008BE2B0 /* UIViewControllerAndAlert.swift in Sources */,
			);
			runOnlyForDeploymentPostprocessing = 0;
		};
		2F84385E27F3189B008BE2B0 /* Sources */ = {
			isa = PBXSourcesBuildPhase;
			buildActionMask = 2147483647;
			files = (
				2F84388227F31962008BE2B0 /* WeatherTests.swift in Sources */,
				2F84388427F31990008BE2B0 /* CurrencyConverterTests.swift in Sources */,
				2F84388027F3191B008BE2B0 /* TranslateTests.swift in Sources */,
			);
			runOnlyForDeploymentPostprocessing = 0;
		};
		2F84386827F3189B008BE2B0 /* Sources */ = {
			isa = PBXSourcesBuildPhase;
			buildActionMask = 2147483647;
			files = (
			);
			runOnlyForDeploymentPostprocessing = 0;
		};
/* End PBXSourcesBuildPhase section */

/* Begin PBXTargetDependency section */
		2F84386427F3189B008BE2B0 /* PBXTargetDependency */ = {
			isa = PBXTargetDependency;
			target = 2F84384B27F31898008BE2B0 /* Baluchon */;
			targetProxy = 2F84386327F3189B008BE2B0 /* PBXContainerItemProxy */;
		};
		2F84386E27F3189B008BE2B0 /* PBXTargetDependency */ = {
			isa = PBXTargetDependency;
			target = 2F84384B27F31898008BE2B0 /* Baluchon */;
			targetProxy = 2F84386D27F3189B008BE2B0 /* PBXContainerItemProxy */;
		};
/* End PBXTargetDependency section */

/* Begin PBXVariantGroup section */
		2F84385527F31898008BE2B0 /* Main.storyboard */ = {
			isa = PBXVariantGroup;
			children = (
				2F84385627F31898008BE2B0 /* Base */,
			);
			name = Main.storyboard;
			sourceTree = "<group>";
		};
		2F84385A27F3189B008BE2B0 /* LaunchScreen.storyboard */ = {
			isa = PBXVariantGroup;
			children = (
				2F84385B27F3189B008BE2B0 /* Base */,
			);
			name = LaunchScreen.storyboard;
			sourceTree = "<group>";
		};
/* End PBXVariantGroup section */

/* Begin XCBuildConfiguration section */
		2F84387427F3189B008BE2B0 /* Debug */ = {
			isa = XCBuildConfiguration;
			buildSettings = {
				ALWAYS_SEARCH_USER_PATHS = NO;
				CLANG_ANALYZER_NONNULL = YES;
				CLANG_ANALYZER_NUMBER_OBJECT_CONVERSION = YES_AGGRESSIVE;
				CLANG_CXX_LANGUAGE_STANDARD = "gnu++17";
				CLANG_ENABLE_MODULES = YES;
				CLANG_ENABLE_OBJC_ARC = YES;
				CLANG_ENABLE_OBJC_WEAK = YES;
				CLANG_WARN_BLOCK_CAPTURE_AUTORELEASING = YES;
				CLANG_WARN_BOOL_CONVERSION = YES;
				CLANG_WARN_COMMA = YES;
				CLANG_WARN_CONSTANT_CONVERSION = YES;
				CLANG_WARN_DEPRECATED_OBJC_IMPLEMENTATIONS = YES;
				CLANG_WARN_DIRECT_OBJC_ISA_USAGE = YES_ERROR;
				CLANG_WARN_DOCUMENTATION_COMMENTS = YES;
				CLANG_WARN_EMPTY_BODY = YES;
				CLANG_WARN_ENUM_CONVERSION = YES;
				CLANG_WARN_INFINITE_RECURSION = YES;
				CLANG_WARN_INT_CONVERSION = YES;
				CLANG_WARN_NON_LITERAL_NULL_CONVERSION = YES;
				CLANG_WARN_OBJC_IMPLICIT_RETAIN_SELF = YES;
				CLANG_WARN_OBJC_LITERAL_CONVERSION = YES;
				CLANG_WARN_OBJC_ROOT_CLASS = YES_ERROR;
				CLANG_WARN_QUOTED_INCLUDE_IN_FRAMEWORK_HEADER = YES;
				CLANG_WARN_RANGE_LOOP_ANALYSIS = YES;
				CLANG_WARN_STRICT_PROTOTYPES = YES;
				CLANG_WARN_SUSPICIOUS_MOVE = YES;
				CLANG_WARN_UNGUARDED_AVAILABILITY = YES_AGGRESSIVE;
				CLANG_WARN_UNREACHABLE_CODE = YES;
				CLANG_WARN__DUPLICATE_METHOD_MATCH = YES;
				COPY_PHASE_STRIP = NO;
				DEBUG_INFORMATION_FORMAT = dwarf;
				ENABLE_STRICT_OBJC_MSGSEND = YES;
				ENABLE_TESTABILITY = YES;
				GCC_C_LANGUAGE_STANDARD = gnu11;
				GCC_DYNAMIC_NO_PIC = NO;
				GCC_NO_COMMON_BLOCKS = YES;
				GCC_OPTIMIZATION_LEVEL = 0;
				GCC_PREPROCESSOR_DEFINITIONS = (
					"DEBUG=1",
					"$(inherited)",
				);
				GCC_WARN_64_TO_32_BIT_CONVERSION = YES;
				GCC_WARN_ABOUT_RETURN_TYPE = YES_ERROR;
				GCC_WARN_UNDECLARED_SELECTOR = YES;
				GCC_WARN_UNINITIALIZED_AUTOS = YES_AGGRESSIVE;
				GCC_WARN_UNUSED_FUNCTION = YES;
				GCC_WARN_UNUSED_VARIABLE = YES;
				IPHONEOS_DEPLOYMENT_TARGET = 15.4;
				MTL_ENABLE_DEBUG_INFO = INCLUDE_SOURCE;
				MTL_FAST_MATH = YES;
				ONLY_ACTIVE_ARCH = YES;
				SDKROOT = iphoneos;
				SWIFT_ACTIVE_COMPILATION_CONDITIONS = DEBUG;
				SWIFT_OPTIMIZATION_LEVEL = "-Onone";
			};
			name = Debug;
		};
		2F84387527F3189B008BE2B0 /* Release */ = {
			isa = XCBuildConfiguration;
			buildSettings = {
				ALWAYS_SEARCH_USER_PATHS = NO;
				CLANG_ANALYZER_NONNULL = YES;
				CLANG_ANALYZER_NUMBER_OBJECT_CONVERSION = YES_AGGRESSIVE;
				CLANG_CXX_LANGUAGE_STANDARD = "gnu++17";
				CLANG_ENABLE_MODULES = YES;
				CLANG_ENABLE_OBJC_ARC = YES;
				CLANG_ENABLE_OBJC_WEAK = YES;
				CLANG_WARN_BLOCK_CAPTURE_AUTORELEASING = YES;
				CLANG_WARN_BOOL_CONVERSION = YES;
				CLANG_WARN_COMMA = YES;
				CLANG_WARN_CONSTANT_CONVERSION = YES;
				CLANG_WARN_DEPRECATED_OBJC_IMPLEMENTATIONS = YES;
				CLANG_WARN_DIRECT_OBJC_ISA_USAGE = YES_ERROR;
				CLANG_WARN_DOCUMENTATION_COMMENTS = YES;
				CLANG_WARN_EMPTY_BODY = YES;
				CLANG_WARN_ENUM_CONVERSION = YES;
				CLANG_WARN_INFINITE_RECURSION = YES;
				CLANG_WARN_INT_CONVERSION = YES;
				CLANG_WARN_NON_LITERAL_NULL_CONVERSION = YES;
				CLANG_WARN_OBJC_IMPLICIT_RETAIN_SELF = YES;
				CLANG_WARN_OBJC_LITERAL_CONVERSION = YES;
				CLANG_WARN_OBJC_ROOT_CLASS = YES_ERROR;
				CLANG_WARN_QUOTED_INCLUDE_IN_FRAMEWORK_HEADER = YES;
				CLANG_WARN_RANGE_LOOP_ANALYSIS = YES;
				CLANG_WARN_STRICT_PROTOTYPES = YES;
				CLANG_WARN_SUSPICIOUS_MOVE = YES;
				CLANG_WARN_UNGUARDED_AVAILABILITY = YES_AGGRESSIVE;
				CLANG_WARN_UNREACHABLE_CODE = YES;
				CLANG_WARN__DUPLICATE_METHOD_MATCH = YES;
				COPY_PHASE_STRIP = NO;
				DEBUG_INFORMATION_FORMAT = "dwarf-with-dsym";
				ENABLE_NS_ASSERTIONS = NO;
				ENABLE_STRICT_OBJC_MSGSEND = YES;
				GCC_C_LANGUAGE_STANDARD = gnu11;
				GCC_NO_COMMON_BLOCKS = YES;
				GCC_WARN_64_TO_32_BIT_CONVERSION = YES;
				GCC_WARN_ABOUT_RETURN_TYPE = YES_ERROR;
				GCC_WARN_UNDECLARED_SELECTOR = YES;
				GCC_WARN_UNINITIALIZED_AUTOS = YES_AGGRESSIVE;
				GCC_WARN_UNUSED_FUNCTION = YES;
				GCC_WARN_UNUSED_VARIABLE = YES;
				IPHONEOS_DEPLOYMENT_TARGET = 15.4;
				MTL_ENABLE_DEBUG_INFO = NO;
				MTL_FAST_MATH = YES;
				SDKROOT = iphoneos;
				SWIFT_COMPILATION_MODE = wholemodule;
				SWIFT_OPTIMIZATION_LEVEL = "-O";
				VALIDATE_PRODUCT = YES;
			};
			name = Release;
		};
		2F84387727F3189B008BE2B0 /* Debug */ = {
			isa = XCBuildConfiguration;
			buildSettings = {
				ASSETCATALOG_COMPILER_APPICON_NAME = AppIcon;
				ASSETCATALOG_COMPILER_GLOBAL_ACCENT_COLOR_NAME = AccentColor;
				CODE_SIGN_STYLE = Automatic;
				CURRENT_PROJECT_VERSION = 1;
				DEVELOPMENT_TEAM = FM2ZRB2384;
				GENERATE_INFOPLIST_FILE = YES;
				INFOPLIST_FILE = Baluchon/Info.plist;
				INFOPLIST_KEY_UIApplicationSupportsIndirectInputEvents = YES;
				INFOPLIST_KEY_UILaunchStoryboardName = LaunchScreen;
				INFOPLIST_KEY_UIMainStoryboardFile = Main;
				INFOPLIST_KEY_UISupportedInterfaceOrientations_iPad = "UIInterfaceOrientationPortrait UIInterfaceOrientationPortraitUpsideDown UIInterfaceOrientationLandscapeLeft UIInterfaceOrientationLandscapeRight";
				INFOPLIST_KEY_UISupportedInterfaceOrientations_iPhone = "UIInterfaceOrientationPortrait UIInterfaceOrientationLandscapeLeft UIInterfaceOrientationLandscapeRight";
				LD_RUNPATH_SEARCH_PATHS = (
					"$(inherited)",
					"@executable_path/Frameworks",
				);
				MARKETING_VERSION = 1.0;
				PRODUCT_BUNDLE_IDENTIFIER = com.openclassrooms.Baluchon;
				PRODUCT_NAME = "$(TARGET_NAME)";
				SWIFT_EMIT_LOC_STRINGS = YES;
				SWIFT_VERSION = 5.0;
				TARGETED_DEVICE_FAMILY = "1,2";
			};
			name = Debug;
		};
		2F84387827F3189B008BE2B0 /* Release */ = {
			isa = XCBuildConfiguration;
			buildSettings = {
				ASSETCATALOG_COMPILER_APPICON_NAME = AppIcon;
				ASSETCATALOG_COMPILER_GLOBAL_ACCENT_COLOR_NAME = AccentColor;
				CODE_SIGN_STYLE = Automatic;
				CURRENT_PROJECT_VERSION = 1;
				DEVELOPMENT_TEAM = FM2ZRB2384;
				GENERATE_INFOPLIST_FILE = YES;
				INFOPLIST_FILE = Baluchon/Info.plist;
				INFOPLIST_KEY_UIApplicationSupportsIndirectInputEvents = YES;
				INFOPLIST_KEY_UILaunchStoryboardName = LaunchScreen;
				INFOPLIST_KEY_UIMainStoryboardFile = Main;
				INFOPLIST_KEY_UISupportedInterfaceOrientations_iPad = "UIInterfaceOrientationPortrait UIInterfaceOrientationPortraitUpsideDown UIInterfaceOrientationLandscapeLeft UIInterfaceOrientationLandscapeRight";
				INFOPLIST_KEY_UISupportedInterfaceOrientations_iPhone = "UIInterfaceOrientationPortrait UIInterfaceOrientationLandscapeLeft UIInterfaceOrientationLandscapeRight";
				LD_RUNPATH_SEARCH_PATHS = (
					"$(inherited)",
					"@executable_path/Frameworks",
				);
				MARKETING_VERSION = 1.0;
				PRODUCT_BUNDLE_IDENTIFIER = com.openclassrooms.Baluchon;
				PRODUCT_NAME = "$(TARGET_NAME)";
				SWIFT_EMIT_LOC_STRINGS = YES;
				SWIFT_VERSION = 5.0;
				TARGETED_DEVICE_FAMILY = "1,2";
			};
			name = Release;
		};
		2F84387A27F3189B008BE2B0 /* Debug */ = {
			isa = XCBuildConfiguration;
			buildSettings = {
				ALWAYS_EMBED_SWIFT_STANDARD_LIBRARIES = YES;
				BUNDLE_LOADER = "$(TEST_HOST)";
				CODE_SIGN_STYLE = Automatic;
				CURRENT_PROJECT_VERSION = 1;
				DEVELOPMENT_TEAM = FM2ZRB2384;
				GENERATE_INFOPLIST_FILE = YES;
				IPHONEOS_DEPLOYMENT_TARGET = 15.4;
				MARKETING_VERSION = 1.0;
				PRODUCT_BUNDLE_IDENTIFIER = com.openclassrooms.BaluchonTests;
				PRODUCT_NAME = "$(TARGET_NAME)";
				SWIFT_EMIT_LOC_STRINGS = NO;
				SWIFT_VERSION = 5.0;
				TARGETED_DEVICE_FAMILY = "1,2";
				TEST_HOST = "$(BUILT_PRODUCTS_DIR)/Baluchon.app/Baluchon";
			};
			name = Debug;
		};
		2F84387B27F3189B008BE2B0 /* Release */ = {
			isa = XCBuildConfiguration;
			buildSettings = {
				ALWAYS_EMBED_SWIFT_STANDARD_LIBRARIES = YES;
				BUNDLE_LOADER = "$(TEST_HOST)";
				CODE_SIGN_STYLE = Automatic;
				CURRENT_PROJECT_VERSION = 1;
				DEVELOPMENT_TEAM = FM2ZRB2384;
				GENERATE_INFOPLIST_FILE = YES;
				IPHONEOS_DEPLOYMENT_TARGET = 15.4;
				MARKETING_VERSION = 1.0;
				PRODUCT_BUNDLE_IDENTIFIER = com.openclassrooms.BaluchonTests;
				PRODUCT_NAME = "$(TARGET_NAME)";
				SWIFT_EMIT_LOC_STRINGS = NO;
				SWIFT_VERSION = 5.0;
				TARGETED_DEVICE_FAMILY = "1,2";
				TEST_HOST = "$(BUILT_PRODUCTS_DIR)/Baluchon.app/Baluchon";
			};
			name = Release;
		};
		2F84387D27F3189B008BE2B0 /* Debug */ = {
			isa = XCBuildConfiguration;
			buildSettings = {
				ALWAYS_EMBED_SWIFT_STANDARD_LIBRARIES = YES;
				CODE_SIGN_STYLE = Automatic;
				CURRENT_PROJECT_VERSION = 1;
				DEVELOPMENT_TEAM = FM2ZRB2384;
				GENERATE_INFOPLIST_FILE = YES;
				MARKETING_VERSION = 1.0;
				PRODUCT_BUNDLE_IDENTIFIER = com.openclassrooms.BaluchonUITests;
				PRODUCT_NAME = "$(TARGET_NAME)";
				SWIFT_EMIT_LOC_STRINGS = NO;
				SWIFT_VERSION = 5.0;
				TARGETED_DEVICE_FAMILY = "1,2";
				TEST_TARGET_NAME = Baluchon;
			};
			name = Debug;
		};
		2F84387E27F3189B008BE2B0 /* Release */ = {
			isa = XCBuildConfiguration;
			buildSettings = {
				ALWAYS_EMBED_SWIFT_STANDARD_LIBRARIES = YES;
				CODE_SIGN_STYLE = Automatic;
				CURRENT_PROJECT_VERSION = 1;
				DEVELOPMENT_TEAM = FM2ZRB2384;
				GENERATE_INFOPLIST_FILE = YES;
				MARKETING_VERSION = 1.0;
				PRODUCT_BUNDLE_IDENTIFIER = com.openclassrooms.BaluchonUITests;
				PRODUCT_NAME = "$(TARGET_NAME)";
				SWIFT_EMIT_LOC_STRINGS = NO;
				SWIFT_VERSION = 5.0;
				TARGETED_DEVICE_FAMILY = "1,2";
				TEST_TARGET_NAME = Baluchon;
			};
			name = Release;
		};
/* End XCBuildConfiguration section */

/* Begin XCConfigurationList section */
		2F84384727F31898008BE2B0 /* Build configuration list for PBXProject "Baluchon" */ = {
			isa = XCConfigurationList;
			buildConfigurations = (
				2F84387427F3189B008BE2B0 /* Debug */,
				2F84387527F3189B008BE2B0 /* Release */,
			);
			defaultConfigurationIsVisible = 0;
			defaultConfigurationName = Release;
		};
		2F84387627F3189B008BE2B0 /* Build configuration list for PBXNativeTarget "Baluchon" */ = {
			isa = XCConfigurationList;
			buildConfigurations = (
				2F84387727F3189B008BE2B0 /* Debug */,
				2F84387827F3189B008BE2B0 /* Release */,
			);
			defaultConfigurationIsVisible = 0;
			defaultConfigurationName = Release;
		};
		2F84387927F3189B008BE2B0 /* Build configuration list for PBXNativeTarget "BaluchonTests" */ = {
			isa = XCConfigurationList;
			buildConfigurations = (
				2F84387A27F3189B008BE2B0 /* Debug */,
				2F84387B27F3189B008BE2B0 /* Release */,
			);
			defaultConfigurationIsVisible = 0;
			defaultConfigurationName = Release;
		};
		2F84387C27F3189B008BE2B0 /* Build configuration list for PBXNativeTarget "BaluchonUITests" */ = {
			isa = XCConfigurationList;
			buildConfigurations = (
				2F84387D27F3189B008BE2B0 /* Debug */,
				2F84387E27F3189B008BE2B0 /* Release */,
			);
			defaultConfigurationIsVisible = 0;
			defaultConfigurationName = Release;
		};
/* End XCConfigurationList section */
	};
	rootObject = 2F84384427F31898008BE2B0 /* Project object */;
}
